<?xml version="1.0" encoding="utf-8"?>
<Project ToolsVersion="4.0" xmlns="http://schemas.microsoft.com/developer/msbuild/2003">
  <ItemGroup>
    <Filter Include="Source Files">
      <UniqueIdentifier>{326cd4b3-372c-439e-a2f0-1b18266f7c4d}</UniqueIdentifier>
      <Extensions>cpp;c;cxx;rc;def;r;odl;idl;hpj;bat</Extensions>
    </Filter>
    <Filter Include="Header Files">
      <UniqueIdentifier>{29562b73-c302-4dea-a84f-309c9478f7bc}</UniqueIdentifier>
      <Extensions>h;hpp;hxx;hm;inl</Extensions>
    </Filter>
    <Filter Include="Resource Files">
      <UniqueIdentifier>{a8666310-8b03-4127-9ad7-665eb1735638}</UniqueIdentifier>
      <Extensions>ico;cur;bmp;dlg;rc2;rct;bin;rgs;gif;jpg;jpeg;jpe</Extensions>
    </Filter>
  </ItemGroup>
  <ItemGroup>
    <ClCompile Include="AET.CPP">
      <Filter>Source Files</Filter>
    </ClCompile>
    <ClCompile Include="Bucket.cpp">
      <Filter>Source Files</Filter>
    </ClCompile>
    <ClCompile Include="DialogArc.cpp">
      <Filter>Source Files</Filter>
    </ClCompile>
    <ClCompile Include="DialogBezier3.cpp">
      <Filter>Source Files</Filter>
    </ClCompile>
    <ClCompile Include="DialogCircle.cpp">
      <Filter>Source Files</Filter>
    </ClCompile>
    <ClCompile Include="DialogColor.cpp">
      <Filter>Source Files</Filter>
    </ClCompile>
    <ClCompile Include="DialogEllipse.cpp">
      <Filter>Source Files</Filter>
    </ClCompile>
    <ClCompile Include="DialogLine.cpp">
      <Filter>Source Files</Filter>
    </ClCompile>
    <ClCompile Include="DialogLineS.cpp">
      <Filter>Source Files</Filter>
    </ClCompile>
    <ClCompile Include="DialogPen.cpp">
      <Filter>Source Files</Filter>
    </ClCompile>
    <ClCompile Include="DialogPoly.cpp">
      <Filter>Source Files</Filter>
    </ClCompile>
    <ClCompile Include="DialogRatio1.cpp">
      <Filter>Source Files</Filter>
    </ClCompile>
    <ClCompile Include="DialogRect.cpp">
      <Filter>Source Files</Filter>
    </ClCompile>
    <ClCompile Include="DialogRotate.cpp">
      <Filter>Source Files</Filter>
    </ClCompile>
    <ClCompile Include="DialogShare.cpp">
      <Filter>Source Files</Filter>
    </ClCompile>
    <ClCompile Include="DialogSym.cpp">
      <Filter>Source Files</Filter>
    </ClCompile>
    <ClCompile Include="DialogSymx.cpp">
      <Filter>Source Files</Filter>
    </ClCompile>
    <ClCompile Include="DialogSymxx.cpp">
      <Filter>Source Files</Filter>
    </ClCompile>
    <ClCompile Include="DialogTrans.cpp">
      <Filter>Source Files</Filter>
    </ClCompile>
    <ClCompile Include="DialogTri.cpp">
      <Filter>Source Files</Filter>
    </ClCompile>
    <ClCompile Include="Final.cpp">
      <Filter>Source Files</Filter>
    </ClCompile>
    <ClCompile Include="FinalDoc.cpp">
      <Filter>Source Files</Filter>
    </ClCompile>
    <ClCompile Include="FinalView.cpp">
      <Filter>Source Files</Filter>
    </ClCompile>
    <ClCompile Include="MainFrm.cpp">
      <Filter>Source Files</Filter>
    </ClCompile>
    <ClCompile Include="StdAfx.cpp">
      <Filter>Source Files</Filter>
    </ClCompile>
  </ItemGroup>
  <ItemGroup>
    <ResourceCompile Include="Final.rc">
      <Filter>Source Files</Filter>
    </ResourceCompile>
  </ItemGroup>
  <ItemGroup>
    <ClInclude Include="AET.H">
      <Filter>Header Files</Filter>
    </ClInclude>
    <ClInclude Include="Bucket.h">
      <Filter>Header Files</Filter>
    </ClInclude>
    <ClInclude Include="DialogArc.h">
      <Filter>Header Files</Filter>
    </ClInclude>
    <ClInclude Include="DialogBezier3.h">
      <Filter>Header Files</Filter>
    </ClInclude>
    <ClInclude Include="DialogCircle.h">
      <Filter>Header Files</Filter>
    </ClInclude>
    <ClInclude Include="DialogColor.h">
      <Filter>Header Files</Filter>
    </ClInclude>
    <ClInclude Include="DialogEllipse.h">
      <Filter>Header Files</Filter>
    </ClInclude>
    <ClInclude Include="DialogLine.h">
      <Filter>Header Files</Filter>
    </ClInclude>
    <ClInclude Include="DialogLineS.h">
      <Filter>Header Files</Filter>
    </ClInclude>
    <ClInclude Include="DialogPen.h">
      <Filter>Header Files</Filter>
    </ClInclude>
    <ClInclude Include="DialogPoly.h">
      <Filter>Header Files</Filter>
    </ClInclude>
    <ClInclude Include="DialogRatio1.h">
      <Filter>Header Files</Filter>
    </ClInclude>
    <ClInclude Include="DialogRect.h">
      <Filter>Header Files</Filter>
    </ClInclude>
    <ClInclude Include="DialogRotate.h">
      <Filter>Header Files</Filter>
    </ClInclude>
    <ClInclude Include="DialogShare.h">
      <Filter>Header Files</Filter>
    </ClInclude>
    <ClInclude Include="DialogSym.h">
      <Filter>Header Files</Filter>
    </ClInclude>
    <ClInclude Include="DialogSymx.h">
      <Filter>Header Files</Filter>
    </ClInclude>
    <ClInclude Include="DialogSymxx.h">
      <Filter>Header Files</Filter>
    </ClInclude>
    <ClInclude Include="DialogTrans.h">
      <Filter>Header Files</Filter>
    </ClInclude>
    <ClInclude Include="DialogTri.h">
      <Filter>Header Files</Filter>
    </ClInclude>
    <ClInclude Include="Final.h">
      <Filter>Header Files</Filter>
    </ClInclude>
    <ClInclude Include="FinalDoc.h">
      <Filter>Header Files</Filter>
    </ClInclude>
    <ClInclude Include="FinalView.h">
      <Filter>Header Files</Filter>
    </ClInclude>
    <ClInclude Include="MainFrm.h">
      <Filter>Header Files</Filter>
    </ClInclude>
    <ClInclude Include="Resource.h">
      <Filter>Header Files</Filter>
    </ClInclude>
    <ClInclude Include="StdAfx.h">
      <Filter>Header Files</Filter>
    </ClInclude>
  </ItemGroup>
  <ItemGroup>
    <Image Include="res\Final.ico">
      <Filter>Resource Files</Filter>
    </Image>
    <Image Include="res\FinalDoc.ico">
      <Filter>Resource Files</Filter>
    </Image>
    <Image Include="res\Toolbar.bmp">
      <Filter>Resource Files</Filter>
    </Image>
  </ItemGroup>
  <ItemGroup>
    <Text Include="ReadMe.txt" />
  </ItemGroup>
  <ItemGroup>
    <CustomBuild Include="res\Final.rc2">
      <Filter>Resource Files</Filter>
    </CustomBuild>
  </ItemGroup>
</Project>